
Microsoft Visual Studio Solution File, Format Version 12.00
# Visual Studio Version 17
VisualStudioVersion = 17.14.37111.16 d17.14
MinimumVisualStudioVersion = 10.0.40219.1
Project("{FAE04EC0-301F-11D3-BF4B-00C04F79EFBC}") = "Millionaire", "Millionaire.csproj", "{7A83C509-6941-471E-AF14-98379D6BD867}"
EndProject
Global
	GlobalSection(SolutionConfigurationPlatforms) = preSolution
		Debug|Any CPU = Debug|Any CPU
		Release|Any CPU = Release|Any CPU
	EndGlobalSection
	GlobalSection(ProjectConfigurationPlatforms) = postSolution
		{7A83C509-6941-471E-AF14-98379D6BD867}.Debug|Any CPU.ActiveCfg = Debug|Any CPU
		{7A83C509-6941-471E-AF14-98379D6BD867}.Debug|Any CPU.Build.0 = Debug|Any CPU
		{7A83C509-6941-471E-AF14-98379D6BD867}.Release|Any CPU.ActiveCfg = Release|Any CPU
		{7A83C509-6941-471E-AF14-98379D6BD867}.Release|Any CPU.Build.0 = Release|Any CPU
	EndGlobalSection
	GlobalSection(SolutionProperties) = preSolution
		HideSolutionNode = FALSE
	EndGlobalSection
	GlobalSection(ExtensibilityGlobals) = postSolution
		SolutionGuid = {CF8001DE-2377-48B2-A249-861093388550}
	EndGlobalSection
EndGlobal
